
Microsoft Visual Studio Solution File, Format Version 12.00
# Visual Studio Version 16
VisualStudioVersion = 25.0.1705.4
MinimumVisualStudioVersion = 10.0.40219.1
Project("{F2A71F9B-5D33-465A-A702-920D77279786}") = "Turbine", "Turbine.fsproj", "{51D79F2F-0418-4AF3-A97A-906D22613C46}"
EndProject
Project("{F2A71F9B-5D33-465A-A702-920D77279786}") = "Turbine.Tests", "..\Turbine.Tests\Turbine.Tests.fsproj", "{C0A43A1E-31B7-4540-81B1-5FC0B1ED973A}"
EndProject
Global
	GlobalSection(SolutionConfigurationPlatforms) = preSolution
		Debug|Any CPU = Debug|Any CPU
		Release|Any CPU = Release|Any CPU
	EndGlobalSection
	GlobalSection(ProjectConfigurationPlatforms) = postSolution
		{51D79F2F-0418-4AF3-A97A-906D22613C46}.Debug|Any CPU.ActiveCfg = Debug|Any CPU
		{51D79F2F-0418-4AF3-A97A-906D22613C46}.Debug|Any CPU.Build.0 = Debug|Any CPU
		{51D79F2F-0418-4AF3-A97A-906D22613C46}.Release|Any CPU.ActiveCfg = Release|Any CPU
		{51D79F2F-0418-4AF3-A97A-906D22613C46}.Release|Any CPU.Build.0 = Release|Any CPU
		{C0A43A1E-31B7-4540-81B1-5FC0B1ED973A}.Debug|Any CPU.ActiveCfg = Debug|Any CPU
		{C0A43A1E-31B7-4540-81B1-5FC0B1ED973A}.Debug|Any CPU.Build.0 = Debug|Any CPU
		{C0A43A1E-31B7-4540-81B1-5FC0B1ED973A}.Release|Any CPU.ActiveCfg = Release|Any CPU
		{C0A43A1E-31B7-4540-81B1-5FC0B1ED973A}.Release|Any CPU.Build.0 = Release|Any CPU
	EndGlobalSection
	GlobalSection(SolutionProperties) = preSolution
		HideSolutionNode = FALSE
	EndGlobalSection
	GlobalSection(ExtensibilityGlobals) = postSolution
		SolutionGuid = {59E6025C-8016-4DEC-BA6F-C6F0E0E07B9B}
	EndGlobalSection
EndGlobal
